{
  "name": "node-intro",
  "version": "1.0.0",
  "lockfileVersion": 1,
  "requires": true,
  "dependencies": {
    "superheroes": {
      "version": "2.0.0",
      "resolved": "https://registry.npmjs.org/superheroes/-/superheroes-2.0.0.tgz",
      "integrity": "sha512-yTQ2cZ5G/csR1WqF6NOVs3S/FYqj8Tc8TISSsyeBqddYnshX8fkeAfGA5WV4l3/yc7F/pMWVZWfFOzJrQ8Vpng==",
      "requires": {
        "unique-random-array": "^1.0.0"
      }
    },
    "unique-random": {
      "version": "1.0.0",
      "resolved": "https://registry.npmjs.org/unique-random/-/unique-random-1.0.0.tgz",
      "integrity": "sha1-zj4iTIJCzTOg53sNcYDXfmti0MQ="
    },
    "unique-random-array": {
      "version": "1.0.1",
      "resolved": "https://registry.npmjs.org/unique-random-array/-/unique-random-array-1.0.1.tgz",
      "integrity": "sha512-z9J/SV8CUIhIRROcHe9YUoAT6XthUJt0oUyLGgobiXJprDP9O9dsErNevvSaAv5BkhwFEVPn6nIEOKeNE6Ck1Q==",
      "requires": {
        "unique-random": "^1.0.0"
      }
    }
  }
}
